
Microsoft Visual Studio Solution File, Format Version 12.00
# Visual Studio Version 17
VisualStudioVersion = 17.10.34928.147
MinimumVisualStudioVersion = 10.0.40219.1
Project("{FAE04EC0-301F-11D3-BF4B-00C04F79EFBC}") = "CPositiveAPI", "CPositiveAPI\CPositiveAPI.csproj", "{3D5F7EE3-300E-4FF1-B441-35231C825153}"
EndProject
Global
	GlobalSection(SolutionConfigurationPlatforms) = preSolution
		Debug|Any CPU = Debug|Any CPU
		Release|Any CPU = Release|Any CPU
	EndGlobalSection
	GlobalSection(ProjectConfigurationPlatforms) = postSolution
		{3D5F7EE3-300E-4FF1-B441-35231C825153}.Debug|Any CPU.ActiveCfg = Debug|Any CPU
		{3D5F7EE3-300E-4FF1-B441-35231C825153}.Debug|Any CPU.Build.0 = Debug|Any CPU
		{3D5F7EE3-300E-4FF1-B441-35231C825153}.Release|Any CPU.ActiveCfg = Release|Any CPU
		{3D5F7EE3-300E-4FF1-B441-35231C825153}.Release|Any CPU.Build.0 = Release|Any CPU
	EndGlobalSection
	GlobalSection(SolutionProperties) = preSolution
		HideSolutionNode = FALSE
	EndGlobalSection
	GlobalSection(ExtensibilityGlobals) = postSolution
		SolutionGuid = {AA80F76B-F971-426F-97C8-1DDDBF3E4B62}
	EndGlobalSection
EndGlobal
